
Microsoft Visual Studio Solution File, Format Version 12.00
# Visual Studio Version 17
VisualStudioVersion = 17.11.35222.181
MinimumVisualStudioVersion = 10.0.40219.1
Project("{FAE04EC0-301F-11D3-BF4B-00C04F79EFBC}") = "PhoneConsoleApp-lab1", "PhoneConsoleApp-lab1\PhoneConsoleApp-lab1.csproj", "{C0F42FCE-D9DE-49F4-A2EF-461C9E1FFFA6}"
EndProject
Project("{FAE04EC0-301F-11D3-BF4B-00C04F79EFBC}") = "TestProjectPhone", "TestProjectPhone\TestProjectPhone.csproj", "{A93C4E96-EF3A-4A48-9424-2F11F12C6BEA}"
EndProject
Global
	GlobalSection(SolutionConfigurationPlatforms) = preSolution
		Debug|Any CPU = Debug|Any CPU
		Release|Any CPU = Release|Any CPU
	EndGlobalSection
	GlobalSection(ProjectConfigurationPlatforms) = postSolution
		{C0F42FCE-D9DE-49F4-A2EF-461C9E1FFFA6}.Debug|Any CPU.ActiveCfg = Debug|Any CPU
		{C0F42FCE-D9DE-49F4-A2EF-461C9E1FFFA6}.Debug|Any CPU.Build.0 = Debug|Any CPU
		{C0F42FCE-D9DE-49F4-A2EF-461C9E1FFFA6}.Release|Any CPU.ActiveCfg = Release|Any CPU
		{C0F42FCE-D9DE-49F4-A2EF-461C9E1FFFA6}.Release|Any CPU.Build.0 = Release|Any CPU
		{A93C4E96-EF3A-4A48-9424-2F11F12C6BEA}.Debug|Any CPU.ActiveCfg = Debug|Any CPU
		{A93C4E96-EF3A-4A48-9424-2F11F12C6BEA}.Debug|Any CPU.Build.0 = Debug|Any CPU
		{A93C4E96-EF3A-4A48-9424-2F11F12C6BEA}.Release|Any CPU.ActiveCfg = Release|Any CPU
		{A93C4E96-EF3A-4A48-9424-2F11F12C6BEA}.Release|Any CPU.Build.0 = Release|Any CPU
	EndGlobalSection
	GlobalSection(SolutionProperties) = preSolution
		HideSolutionNode = FALSE
	EndGlobalSection
	GlobalSection(ExtensibilityGlobals) = postSolution
		SolutionGuid = {AB6E044D-C401-400E-BD6C-A24E16934F9A}
	EndGlobalSection
EndGlobal
